
Microsoft Visual Studio Solution File, Format Version 12.00
# Visual Studio Version 17
VisualStudioVersion = 17.8.34330.188
MinimumVisualStudioVersion = 10.0.40219.1
Project("{FAE04EC0-301F-11D3-BF4B-00C04F79EFBC}") = "Elemental Words", "Elemental Words\Elemental Words.csproj", "{BC924405-B9F2-4BBD-85BB-60283C95781B}"
EndProject
Global
	GlobalSection(SolutionConfigurationPlatforms) = preSolution
		Debug|Any CPU = Debug|Any CPU
		Release|Any CPU = Release|Any CPU
	EndGlobalSection
	GlobalSection(ProjectConfigurationPlatforms) = postSolution
		{BC924405-B9F2-4BBD-85BB-60283C95781B}.Debug|Any CPU.ActiveCfg = Debug|Any CPU
		{BC924405-B9F2-4BBD-85BB-60283C95781B}.Debug|Any CPU.Build.0 = Debug|Any CPU
		{BC924405-B9F2-4BBD-85BB-60283C95781B}.Release|Any CPU.ActiveCfg = Release|Any CPU
		{BC924405-B9F2-4BBD-85BB-60283C95781B}.Release|Any CPU.Build.0 = Release|Any CPU
	EndGlobalSection
	GlobalSection(SolutionProperties) = preSolution
		HideSolutionNode = FALSE
	EndGlobalSection
	GlobalSection(ExtensibilityGlobals) = postSolution
		SolutionGuid = {6FED4E04-8A27-432D-A73D-2B9889CD4429}
	EndGlobalSection
EndGlobal
